{
  "name": "snowplow-mini",
  "version": "0.1.0",
  "lockfileVersion": 3,
  "requires": true,
  "packages": {
    "": {
      "name": "snowplow-mini",
      "version": "0.1.0",
      "dependencies": {
        "director": "1.2.0",
        "react": "^16.5.0",
        "react-dom": "^16.5.0",
        "react-simpletabs": "^0.7.0"
      }
    },
    "node_modules/director": {
      "version": "1.2.0",
      "engines": {
        "node": ">= 0.4.0"
      }
    },
    "node_modules/js-tokens": {
      "version": "4.0.0",
      "license": "MIT"
    },
    "node_modules/loose-envify": {
      "version": "1.4.0",
      "license": "MIT",
      "dependencies": {
        "js-tokens": "^3.0.0 || ^4.0.0"
      },
      "bin": {
        "loose-envify": "cli.js"
      }
    },
    "node_modules/object-assign": {
      "version": "4.1.1",
      "license": "MIT",
      "engines": {
        "node": ">=0.10.0"
      }
    },
    "node_modules/prop-types": {
      "version": "15.7.2",
      "license": "MIT",
      "dependencies": {
        "loose-envify": "^1.4.0",
        "object-assign": "^4.1.1",
        "react-is": "^16.8.1"
      }
    },
    "node_modules/react": {
      "version": "16.5.0",
      "resolved": "https://registry.npmjs.org/react/-/react-16.5.0.tgz",
      "integrity": "sha512-nw/yB/L51kA9PsAy17T1JrzzGRk+BlFCJwFF7p+pwVxgqwPjYNeZEkkH7LXn9dmflolrYMXLWMTkQ77suKPTNQ==",
      "license": "MIT",
      "dependencies": {
        "loose-envify": "^1.1.0",
        "object-assign": "^4.1.1",
        "prop-types": "^15.6.2",
        "schedule": "^0.3.0"
      },
      "engines": {
        "node": ">=0.10.0"
      }
    },
    "node_modules/react-dom": {
      "version": "16.5.0",
      "resolved": "https://registry.npmjs.org/react-dom/-/react-dom-16.5.0.tgz",
      "integrity": "sha512-qgsQdjFH54pQ1AGLCBKsqjPxib4Pnp+cOsNxGPlkHn5YnsSt43sBvHSif6FheY7NMMS6HPeSJOxXf6ECanjacA==",
      "license": "MIT",
      "dependencies": {
        "loose-envify": "^1.1.0",
        "object-assign": "^4.1.1",
        "prop-types": "^15.6.2",
        "schedule": "^0.3.0"
      },
      "peerDependencies": {
        "react": "^16.0.0"
      }
    },
    "node_modules/react-is": {
      "version": "16.13.1",
      "license": "MIT"
    },
    "node_modules/react-simpletabs": {
      "version": "0.7.0",
      "license": "MIT",
      "dependencies": {
        "classnames": "^1.2.0"
      },
      "peerDependencies": {
        "react": "0.12.x - 1.x"
      }
    },
    "node_modules/react-simpletabs/node_modules/classnames": {
      "version": "1.2.2",
      "license": "MIT"
    },
    "node_modules/schedule": {
      "version": "0.3.0",
      "resolved": "https://registry.npmjs.org/schedule/-/schedule-0.3.0.tgz",
      "integrity": "sha512-20+1KVo517sR7Nt+bYBN8a+bEJDKLPEx7Ohtts1kX05E4/HY53YUNuhfkVNItmWAnBYHcpG9vsd2/CJxG+aPCQ==",
      "license": "MIT",
      "dependencies": {
        "object-assign": "^4.1.1"
      }
    }
  }
}
